{
  "version": 4,
  "terraform_version": "1.15.5",
  "serial": 1,
  "lineage": "d2f3c6ee-4ca1-167e-85bb-01b549069f41",
  "outputs": {},
  "resources": [
    {
      "mode": "managed",
      "type": "aws_iam_policy",
      "name": "cmtr_policy",
      "provider": "provider[\"registry.terraform.io/hashicorp/aws\"]",
      "instances": [
        {
          "schema_version": 0,
          "attributes": {
            "arn": "arn:aws:iam::160885290237:policy/cmtr-5bf61784-iam-policy",
            "attachment_count": 0,
            "delay_after_policy_creation_in_ms": null,
            "description": "Custom role with limited permissions",
            "id": "arn:aws:iam::160885290237:policy/cmtr-5bf61784-iam-policy",
            "name": "cmtr-5bf61784-iam-policy",
            "name_prefix": "",
            "path": "/",
            "policy": "{\"Statement\":[{\"Action\":[\"ec2:*\",\"s3:*\"],\"Effect\":\"Allow\",\"Resource\":\"*\"}],\"Version\":\"2012-10-17\"}",
            "policy_id": "ANPASK5MCWT64DGTPZDRD",
            "tags": {},
            "tags_all": {}
          },
          "sensitive_attributes": [],
          "identity_schema_version": 0,
          "identity": {
            "arn": "arn:aws:iam::160885290237:policy/cmtr-5bf61784-iam-policy"
          },
          "private": "eyJzY2hlbWFfdmVyc2lvbiI6IjAifQ=="
        }
      ]
    }
  ],
  "check_results": null
}
